
Microsoft Visual Studio Solution File, Format Version 12.00
# Visual Studio Version 16
VisualStudioVersion = 16.0.31025.194
MinimumVisualStudioVersion = 10.0.40219.1
Project("{8BC9CEB8-8B4A-11D0-8D11-00A0C91BC942}") = "Vezba2.8", "Vezba2.8\Vezba2.8.vcxproj", "{0B4ABF9C-0F31-4E5E-AEEE-22BFDFD28526}"
EndProject
Global
	GlobalSection(SolutionConfigurationPlatforms) = preSolution
		Debug|x64 = Debug|x64
		Debug|x86 = Debug|x86
		Release|x64 = Release|x64
		Release|x86 = Release|x86
	EndGlobalSection
	GlobalSection(ProjectConfigurationPlatforms) = postSolution
		{0B4ABF9C-0F31-4E5E-AEEE-22BFDFD28526}.Debug|x64.ActiveCfg = Debug|x64
		{0B4ABF9C-0F31-4E5E-AEEE-22BFDFD28526}.Debug|x64.Build.0 = Debug|x64
		{0B4ABF9C-0F31-4E5E-AEEE-22BFDFD28526}.Debug|x86.ActiveCfg = Debug|Win32
		{0B4ABF9C-0F31-4E5E-AEEE-22BFDFD28526}.Debug|x86.Build.0 = Debug|Win32
		{0B4ABF9C-0F31-4E5E-AEEE-22BFDFD28526}.Release|x64.ActiveCfg = Release|x64
		{0B4ABF9C-0F31-4E5E-AEEE-22BFDFD28526}.Release|x64.Build.0 = Release|x64
		{0B4ABF9C-0F31-4E5E-AEEE-22BFDFD28526}.Release|x86.ActiveCfg = Release|Win32
		{0B4ABF9C-0F31-4E5E-AEEE-22BFDFD28526}.Release|x86.Build.0 = Release|Win32
	EndGlobalSection
	GlobalSection(SolutionProperties) = preSolution
		HideSolutionNode = FALSE
	EndGlobalSection
	GlobalSection(ExtensibilityGlobals) = postSolution
		SolutionGuid = {CC4EDEA7-A260-48BC-BAA2-79CEA28EE2CF}
	EndGlobalSection
EndGlobal
