
Microsoft Visual Studio Solution File, Format Version 12.00
# Visual Studio Version 16
VisualStudioVersion = 16.0.31129.286
MinimumVisualStudioVersion = 10.0.40219.1
Project("{8BC9CEB8-8B4A-11D0-8D11-00A0C91BC942}") = "Vezbe5.5", "Vezbe5.5\Vezbe5.5.vcxproj", "{9562843B-911F-443E-8E2D-64051228F11A}"
EndProject
Global
	GlobalSection(SolutionConfigurationPlatforms) = preSolution
		Debug|x64 = Debug|x64
		Debug|x86 = Debug|x86
		Release|x64 = Release|x64
		Release|x86 = Release|x86
	EndGlobalSection
	GlobalSection(ProjectConfigurationPlatforms) = postSolution
		{9562843B-911F-443E-8E2D-64051228F11A}.Debug|x64.ActiveCfg = Debug|x64
		{9562843B-911F-443E-8E2D-64051228F11A}.Debug|x64.Build.0 = Debug|x64
		{9562843B-911F-443E-8E2D-64051228F11A}.Debug|x86.ActiveCfg = Debug|Win32
		{9562843B-911F-443E-8E2D-64051228F11A}.Debug|x86.Build.0 = Debug|Win32
		{9562843B-911F-443E-8E2D-64051228F11A}.Release|x64.ActiveCfg = Release|x64
		{9562843B-911F-443E-8E2D-64051228F11A}.Release|x64.Build.0 = Release|x64
		{9562843B-911F-443E-8E2D-64051228F11A}.Release|x86.ActiveCfg = Release|Win32
		{9562843B-911F-443E-8E2D-64051228F11A}.Release|x86.Build.0 = Release|Win32
	EndGlobalSection
	GlobalSection(SolutionProperties) = preSolution
		HideSolutionNode = FALSE
	EndGlobalSection
	GlobalSection(ExtensibilityGlobals) = postSolution
		SolutionGuid = {2A5EAEC5-9332-47BD-B10F-A39F8B0CC937}
	EndGlobalSection
EndGlobal
