
Microsoft Visual Studio Solution File, Format Version 12.00
# Visual Studio Version 16
VisualStudioVersion = 16.0.31129.286
MinimumVisualStudioVersion = 10.0.40219.1
Project("{8BC9CEB8-8B4A-11D0-8D11-00A0C91BC942}") = "Vezba3.2", "Vezba3.2\Vezba3.2.vcxproj", "{43D539D1-4900-4E8E-A49C-CD2A1605DA8A}"
EndProject
Global
	GlobalSection(SolutionConfigurationPlatforms) = preSolution
		Debug|x64 = Debug|x64
		Debug|x86 = Debug|x86
		Release|x64 = Release|x64
		Release|x86 = Release|x86
	EndGlobalSection
	GlobalSection(ProjectConfigurationPlatforms) = postSolution
		{43D539D1-4900-4E8E-A49C-CD2A1605DA8A}.Debug|x64.ActiveCfg = Debug|x64
		{43D539D1-4900-4E8E-A49C-CD2A1605DA8A}.Debug|x64.Build.0 = Debug|x64
		{43D539D1-4900-4E8E-A49C-CD2A1605DA8A}.Debug|x86.ActiveCfg = Debug|Win32
		{43D539D1-4900-4E8E-A49C-CD2A1605DA8A}.Debug|x86.Build.0 = Debug|Win32
		{43D539D1-4900-4E8E-A49C-CD2A1605DA8A}.Release|x64.ActiveCfg = Release|x64
		{43D539D1-4900-4E8E-A49C-CD2A1605DA8A}.Release|x64.Build.0 = Release|x64
		{43D539D1-4900-4E8E-A49C-CD2A1605DA8A}.Release|x86.ActiveCfg = Release|Win32
		{43D539D1-4900-4E8E-A49C-CD2A1605DA8A}.Release|x86.Build.0 = Release|Win32
	EndGlobalSection
	GlobalSection(SolutionProperties) = preSolution
		HideSolutionNode = FALSE
	EndGlobalSection
	GlobalSection(ExtensibilityGlobals) = postSolution
		SolutionGuid = {1CDB8C45-6931-4380-A864-3A70FE59BFC5}
	EndGlobalSection
EndGlobal
